
Microsoft Visual Studio Solution File, Format Version 12.00
# Visual Studio 15
Project("{FAE04EC0-301F-11D3-BF4B-00C04F79EFBC}") = "Assembly-CSharp", "Assembly-CSharp.csproj", "{A7FFDCB8-3C2A-90EC-E9B8-E5415475D2F9}"
EndProject
Project("{FAE04EC0-301F-11D3-BF4B-00C04F79EFBC}") = "Assembly-CSharp-Editor", "Assembly-CSharp-Editor.csproj", "{2FCA7293-C4BB-BD7C-B449-D6C2D0F1D417}"
EndProject
Global
	GlobalSection(SolutionConfigurationPlatforms) = preSolution
		Debug|Any CPU = Debug|Any CPU
		Release|Any CPU = Release|Any CPU
	EndGlobalSection
	GlobalSection(ProjectConfigurationPlatforms) = postSolution
		{A7FFDCB8-3C2A-90EC-E9B8-E5415475D2F9}.Debug|Any CPU.ActiveCfg = Debug|Any CPU
		{A7FFDCB8-3C2A-90EC-E9B8-E5415475D2F9}.Debug|Any CPU.Build.0 = Debug|Any CPU
		{A7FFDCB8-3C2A-90EC-E9B8-E5415475D2F9}.Release|Any CPU.ActiveCfg = Release|Any CPU
		{A7FFDCB8-3C2A-90EC-E9B8-E5415475D2F9}.Release|Any CPU.Build.0 = Release|Any CPU
		{2FCA7293-C4BB-BD7C-B449-D6C2D0F1D417}.Debug|Any CPU.ActiveCfg = Debug|Any CPU
		{2FCA7293-C4BB-BD7C-B449-D6C2D0F1D417}.Debug|Any CPU.Build.0 = Debug|Any CPU
		{2FCA7293-C4BB-BD7C-B449-D6C2D0F1D417}.Release|Any CPU.ActiveCfg = Release|Any CPU
		{2FCA7293-C4BB-BD7C-B449-D6C2D0F1D417}.Release|Any CPU.Build.0 = Release|Any CPU
	EndGlobalSection
	GlobalSection(SolutionProperties) = preSolution
		HideSolutionNode = FALSE
	EndGlobalSection
EndGlobal
